
Microsoft Visual Studio Solution File, Format Version 12.00
# Visual Studio Version 17
VisualStudioVersion = 17.5.002.0
MinimumVisualStudioVersion = 10.0.40219.1
Project("{9A19103F-16F7-4668-BE54-9A1E7A4F7556}") = "CondicionalIF", "CondicionalIF\CondicionalIF.csproj", "{39F0484D-2BCE-4DA3-B021-252430F68148}"
EndProject
Project("{9A19103F-16F7-4668-BE54-9A1E7A4F7556}") = "PracticaMetodos", "PracticaMetodos\PracticaMetodos.csproj", "{002D84B6-6F4C-4DC8-AFB4-7B474803369A}"
EndProject
Global
	GlobalSection(SolutionConfigurationPlatforms) = preSolution
		Debug|Any CPU = Debug|Any CPU
		Release|Any CPU = Release|Any CPU
	EndGlobalSection
	GlobalSection(ProjectConfigurationPlatforms) = postSolution
		{39F0484D-2BCE-4DA3-B021-252430F68148}.Debug|Any CPU.ActiveCfg = Debug|Any CPU
		{39F0484D-2BCE-4DA3-B021-252430F68148}.Debug|Any CPU.Build.0 = Debug|Any CPU
		{39F0484D-2BCE-4DA3-B021-252430F68148}.Release|Any CPU.ActiveCfg = Release|Any CPU
		{39F0484D-2BCE-4DA3-B021-252430F68148}.Release|Any CPU.Build.0 = Release|Any CPU
		{002D84B6-6F4C-4DC8-AFB4-7B474803369A}.Debug|Any CPU.ActiveCfg = Debug|Any CPU
		{002D84B6-6F4C-4DC8-AFB4-7B474803369A}.Debug|Any CPU.Build.0 = Debug|Any CPU
		{002D84B6-6F4C-4DC8-AFB4-7B474803369A}.Release|Any CPU.ActiveCfg = Release|Any CPU
		{002D84B6-6F4C-4DC8-AFB4-7B474803369A}.Release|Any CPU.Build.0 = Release|Any CPU
	EndGlobalSection
	GlobalSection(SolutionProperties) = preSolution
		HideSolutionNode = FALSE
	EndGlobalSection
	GlobalSection(ExtensibilityGlobals) = postSolution
		SolutionGuid = {D77CB9A3-31E2-4A84-BF0F-07AF0347E7A3}
	EndGlobalSection
EndGlobal
